
Microsoft Visual Studio Solution File, Format Version 12.00
# Visual Studio 15
VisualStudioVersion = 15.0.28307.168
MinimumVisualStudioVersion = 10.0.40219.1
Project("{9A19103F-16F7-4668-BE54-9A1E7A4F7556}") = "DotNetCoreWebSample.Web", "DotNetCoreWebSample\DotNetCoreWebSample.Web.csproj", "{B5C48E15-056C-4AD9-AA67-22497433175D}"
EndProject
Project("{151D2E53-A2C4-4D7D-83FE-D05416EBD58E}") = "DotNetCoreWebSample.Templete", "DotNetCoreWebSample.Templete\DotNetCoreWebSample.Templete.deployproj", "{66D17B1D-896E-41A1-BD59-36A20BBC3E4F}"
EndProject
Global
	GlobalSection(SolutionConfigurationPlatforms) = preSolution
		Debug|Any CPU = Debug|Any CPU
		Release|Any CPU = Release|Any CPU
	EndGlobalSection
	GlobalSection(ProjectConfigurationPlatforms) = postSolution
		{B5C48E15-056C-4AD9-AA67-22497433175D}.Debug|Any CPU.ActiveCfg = Debug|Any CPU
		{B5C48E15-056C-4AD9-AA67-22497433175D}.Debug|Any CPU.Build.0 = Debug|Any CPU
		{B5C48E15-056C-4AD9-AA67-22497433175D}.Release|Any CPU.ActiveCfg = Release|Any CPU
		{B5C48E15-056C-4AD9-AA67-22497433175D}.Release|Any CPU.Build.0 = Release|Any CPU
		{66D17B1D-896E-41A1-BD59-36A20BBC3E4F}.Debug|Any CPU.ActiveCfg = Debug|Any CPU
		{66D17B1D-896E-41A1-BD59-36A20BBC3E4F}.Debug|Any CPU.Build.0 = Debug|Any CPU
		{66D17B1D-896E-41A1-BD59-36A20BBC3E4F}.Release|Any CPU.ActiveCfg = Release|Any CPU
		{66D17B1D-896E-41A1-BD59-36A20BBC3E4F}.Release|Any CPU.Build.0 = Release|Any CPU
	EndGlobalSection
	GlobalSection(SolutionProperties) = preSolution
		HideSolutionNode = FALSE
	EndGlobalSection
	GlobalSection(ExtensibilityGlobals) = postSolution
		SolutionGuid = {75D4E7D5-4A9C-477F-B881-DC658E85A805}
	EndGlobalSection
EndGlobal
